
Microsoft Visual Studio Solution File, Format Version 12.00
# Visual Studio Version 17
VisualStudioVersion = 17.14.36603.0
MinimumVisualStudioVersion = 10.0.40219.1
Project("{FAE04EC0-301F-11D3-BF4B-00C04F79EFBC}") = "SGS.TaskTracker.API", "SGS.TaskTracker.API.csproj", "{5808D45D-C7D4-456C-AAED-81C275D6DF1E}"
EndProject
Project("{FAE04EC0-301F-11D3-BF4B-00C04F79EFBC}") = "SGS.TaskTracker.Core", "..\SGS.TaskTracker.Core\SGS.TaskTracker.Core.csproj", "{A35530F0-3D95-4270-A79D-B92B8A6F52BA}"
EndProject
Project("{FAE04EC0-301F-11D3-BF4B-00C04F79EFBC}") = "SGS.TaskTracker.Application", "..\SGS.TaskTracker.Application\SGS.TaskTracker.Application.csproj", "{D95E1978-A490-4D65-AC14-22B0244CC543}"
EndProject
Project("{FAE04EC0-301F-11D3-BF4B-00C04F79EFBC}") = "SGS.TaskTracker.Infrastructure", "..\SGS.TaskTracker.Infrastructure\SGS.TaskTracker.Infrastructure.csproj", "{36F440B3-3D55-4726-B7DD-770456C12A0A}"
EndProject
Project("{FAE04EC0-301F-11D3-BF4B-00C04F79EFBC}") = "SGS.TaskTracker.Tests", "..\SGS.TaskTracker.Tests\SGS.TaskTracker.Tests.csproj", "{BDB94657-8677-436A-8B4C-9469E7212FFA}"
EndProject
Global
	GlobalSection(SolutionConfigurationPlatforms) = preSolution
		Debug|Any CPU = Debug|Any CPU
		Release|Any CPU = Release|Any CPU
	EndGlobalSection
	GlobalSection(ProjectConfigurationPlatforms) = postSolution
		{5808D45D-C7D4-456C-AAED-81C275D6DF1E}.Debug|Any CPU.ActiveCfg = Debug|Any CPU
		{5808D45D-C7D4-456C-AAED-81C275D6DF1E}.Debug|Any CPU.Build.0 = Debug|Any CPU
		{5808D45D-C7D4-456C-AAED-81C275D6DF1E}.Release|Any CPU.ActiveCfg = Release|Any CPU
		{5808D45D-C7D4-456C-AAED-81C275D6DF1E}.Release|Any CPU.Build.0 = Release|Any CPU
		{A35530F0-3D95-4270-A79D-B92B8A6F52BA}.Debug|Any CPU.ActiveCfg = Debug|Any CPU
		{A35530F0-3D95-4270-A79D-B92B8A6F52BA}.Debug|Any CPU.Build.0 = Debug|Any CPU
		{A35530F0-3D95-4270-A79D-B92B8A6F52BA}.Release|Any CPU.ActiveCfg = Release|Any CPU
		{A35530F0-3D95-4270-A79D-B92B8A6F52BA}.Release|Any CPU.Build.0 = Release|Any CPU
		{D95E1978-A490-4D65-AC14-22B0244CC543}.Debug|Any CPU.ActiveCfg = Debug|Any CPU
		{D95E1978-A490-4D65-AC14-22B0244CC543}.Debug|Any CPU.Build.0 = Debug|Any CPU
		{D95E1978-A490-4D65-AC14-22B0244CC543}.Release|Any CPU.ActiveCfg = Release|Any CPU
		{D95E1978-A490-4D65-AC14-22B0244CC543}.Release|Any CPU.Build.0 = Release|Any CPU
		{36F440B3-3D55-4726-B7DD-770456C12A0A}.Debug|Any CPU.ActiveCfg = Debug|Any CPU
		{36F440B3-3D55-4726-B7DD-770456C12A0A}.Debug|Any CPU.Build.0 = Debug|Any CPU
		{36F440B3-3D55-4726-B7DD-770456C12A0A}.Release|Any CPU.ActiveCfg = Release|Any CPU
		{36F440B3-3D55-4726-B7DD-770456C12A0A}.Release|Any CPU.Build.0 = Release|Any CPU
		{BDB94657-8677-436A-8B4C-9469E7212FFA}.Debug|Any CPU.ActiveCfg = Debug|Any CPU
		{BDB94657-8677-436A-8B4C-9469E7212FFA}.Debug|Any CPU.Build.0 = Debug|Any CPU
		{BDB94657-8677-436A-8B4C-9469E7212FFA}.Release|Any CPU.ActiveCfg = Release|Any CPU
		{BDB94657-8677-436A-8B4C-9469E7212FFA}.Release|Any CPU.Build.0 = Release|Any CPU
	EndGlobalSection
	GlobalSection(SolutionProperties) = preSolution
		HideSolutionNode = FALSE
	EndGlobalSection
	GlobalSection(ExtensibilityGlobals) = postSolution
		SolutionGuid = {3F550421-4304-4473-B2E9-C6AD9E80D123}
	EndGlobalSection
EndGlobal
